
Microsoft Visual Studio Solution File, Format Version 12.00
# Visual Studio 15
VisualStudioVersion = 15.0.28307.1525
MinimumVisualStudioVersion = 10.0.40219.1
Project("{FAE04EC0-301F-11D3-BF4B-00C04F79EFBC}") = "App1.Android", "App1\App1.Android\App1.Android.csproj", "{005E3FD7-CF93-4BEB-9836-B145FD9D0C81}"
EndProject
Project("{FAE04EC0-301F-11D3-BF4B-00C04F79EFBC}") = "App1.iOS", "App1\App1.iOS\App1.iOS.csproj", "{BD66BE6B-BE47-4137-928C-71E29CE51C65}"
EndProject
Project("{FAE04EC0-301F-11D3-BF4B-00C04F79EFBC}") = "App1.UWP", "App1\App1.UWP\App1.UWP.csproj", "{4CEBA25D-4C53-4C28-A76A-72E1A048BC74}"
EndProject
Project("{FAE04EC0-301F-11D3-BF4B-00C04F79EFBC}") = "App1", "App1\App1\App1.csproj", "{95B14F2F-E464-49A3-AEF1-F4F4623D5969}"
EndProject
Global
	GlobalSection(SolutionConfigurationPlatforms) = preSolution
		Ad-Hoc|Any CPU = Ad-Hoc|Any CPU
		Ad-Hoc|ARM = Ad-Hoc|ARM
		Ad-Hoc|iPhone = Ad-Hoc|iPhone
		Ad-Hoc|iPhoneSimulator = Ad-Hoc|iPhoneSimulator
		Ad-Hoc|x64 = Ad-Hoc|x64
		Ad-Hoc|x86 = Ad-Hoc|x86
		AppStore|Any CPU = AppStore|Any CPU
		AppStore|ARM = AppStore|ARM
		AppStore|iPhone = AppStore|iPhone
		AppStore|iPhoneSimulator = AppStore|iPhoneSimulator
		AppStore|x64 = AppStore|x64
		AppStore|x86 = AppStore|x86
		Debug|Any CPU = Debug|Any CPU
		Debug|ARM = Debug|ARM
		Debug|iPhone = Debug|iPhone
		Debug|iPhoneSimulator = Debug|iPhoneSimulator
		Debug|x64 = Debug|x64
		Debug|x86 = Debug|x86
		Release|Any CPU = Release|Any CPU
		Release|ARM = Release|ARM
		Release|iPhone = Release|iPhone
		Release|iPhoneSimulator = Release|iPhoneSimulator
		Release|x64 = Release|x64
		Release|x86 = Release|x86
	EndGlobalSection
	GlobalSection(ProjectConfigurationPlatforms) = postSolution
		{005E3FD7-CF93-4BEB-9836-B145FD9D0C81}.Ad-Hoc|Any CPU.ActiveCfg = Release|Any CPU
		{005E3FD7-CF93-4BEB-9836-B145FD9D0C81}.Ad-Hoc|Any CPU.Build.0 = Release|Any CPU
		{005E3FD7-CF93-4BEB-9836-B145FD9D0C81}.Ad-Hoc|Any CPU.Deploy.0 = Release|Any CPU
		{005E3FD7-CF93-4BEB-9836-B145FD9D0C81}.Ad-Hoc|ARM.ActiveCfg = Release|Any CPU
		{005E3FD7-CF93-4BEB-9836-B145FD9D0C81}.Ad-Hoc|ARM.Build.0 = Release|Any CPU
		{005E3FD7-CF93-4BEB-9836-B145FD9D0C81}.Ad-Hoc|ARM.Deploy.0 = Release|Any CPU
		{005E3FD7-CF93-4BEB-9836-B145FD9D0C81}.Ad-Hoc|iPhone.ActiveCfg = Release|Any CPU
		{005E3FD7-CF93-4BEB-9836-B145FD9D0C81}.Ad-Hoc|iPhone.Build.0 = Release|Any CPU
		{005E3FD7-CF93-4BEB-9836-B145FD9D0C81}.Ad-Hoc|iPhone.Deploy.0 = Release|Any CPU
		{005E3FD7-CF93-4BEB-9836-B145FD9D0C81}.Ad-Hoc|iPhoneSimulator.ActiveCfg = Release|Any CPU
		{005E3FD7-CF93-4BEB-9836-B145FD9D0C81}.Ad-Hoc|iPhoneSimulator.Build.0 = Release|Any CPU
		{005E3FD7-CF93-4BEB-9836-B145FD9D0C81}.Ad-Hoc|iPhoneSimulator.Deploy.0 = Release|Any CPU
		{005E3FD7-CF93-4BEB-9836-B145FD9D0C81}.Ad-Hoc|x64.ActiveCfg = Release|Any CPU
		{005E3FD7-CF93-4BEB-9836-B145FD9D0C81}.Ad-Hoc|x64.Build.0 = Release|Any CPU
		{005E3FD7-CF93-4BEB-9836-B145FD9D0C81}.Ad-Hoc|x64.Deploy.0 = Release|Any CPU
		{005E3FD7-CF93-4BEB-9836-B145FD9D0C81}.Ad-Hoc|x86.ActiveCfg = Release|Any CPU
		{005E3FD7-CF93-4BEB-9836-B145FD9D0C81}.Ad-Hoc|x86.Build.0 = Release|Any CPU
		{005E3FD7-CF93-4BEB-9836-B145FD9D0C81}.Ad-Hoc|x86.Deploy.0 = Release|Any CPU
		{005E3FD7-CF93-4BEB-9836-B145FD9D0C81}.AppStore|Any CPU.ActiveCfg = Release|Any CPU
		{005E3FD7-CF93-4BEB-9836-B145FD9D0C81}.AppStore|Any CPU.Build.0 = Release|Any CPU
		{005E3FD7-CF93-4BEB-9836-B145FD9D0C81}.AppStore|Any CPU.Deploy.0 = Release|Any CPU
		{005E3FD7-CF93-4BEB-9836-B145FD9D0C81}.AppStore|ARM.ActiveCfg = Release|Any CPU
		{005E3FD7-CF93-4BEB-9836-B145FD9D0C81}.AppStore|ARM.Build.0 = Release|Any CPU
		{005E3FD7-CF93-4BEB-9836-B145FD9D0C81}.AppStore|ARM.Deploy.0 = Release|Any CPU
		{005E3FD7-CF93-4BEB-9836-B145FD9D0C81}.AppStore|iPhone.ActiveCfg = Release|Any CPU
		{005E3FD7-CF93-4BEB-9836-B145FD9D0C81}.AppStore|iPhone.Build.0 = Release|Any CPU
		{005E3FD7-CF93-4BEB-9836-B145FD9D0C81}.AppStore|iPhone.Deploy.0 = Release|Any CPU
		{005E3FD7-CF93-4BEB-9836-B145FD9D0C81}.AppStore|iPhoneSimulator.ActiveCfg = Release|Any CPU
		{005E3FD7-CF93-4BEB-9836-B145FD9D0C81}.AppStore|iPhoneSimulator.Build.0 = Release|Any CPU
		{005E3FD7-CF93-4BEB-9836-B145FD9D0C81}.AppStore|iPhoneSimulator.Deploy.0 = Release|Any CPU
		{005E3FD7-CF93-4BEB-9836-B145FD9D0C81}.AppStore|x64.ActiveCfg = Release|Any CPU
		{005E3FD7-CF93-4BEB-9836-B145FD9D0C81}.AppStore|x64.Build.0 = Release|Any CPU
		{005E3FD7-CF93-4BEB-9836-B145FD9D0C81}.AppStore|x64.Deploy.0 = Release|Any CPU
		{005E3FD7-CF93-4BEB-9836-B145FD9D0C81}.AppStore|x86.ActiveCfg = Release|Any CPU
		{005E3FD7-CF93-4BEB-9836-B145FD9D0C81}.AppStore|x86.Build.0 = Release|Any CPU
		{005E3FD7-CF93-4BEB-9836-B145FD9D0C81}.AppStore|x86.Deploy.0 = Release|Any CPU
		{005E3FD7-CF93-4BEB-9836-B145FD9D0C81}.Debug|Any CPU.ActiveCfg = Debug|Any CPU
		{005E3FD7-CF93-4BEB-9836-B145FD9D0C81}.Debug|Any CPU.Build.0 = Debug|Any CPU
		{005E3FD7-CF93-4BEB-9836-B145FD9D0C81}.Debug|Any CPU.Deploy.0 = Debug|Any CPU
		{005E3FD7-CF93-4BEB-9836-B145FD9D0C81}.Debug|ARM.ActiveCfg = Debug|Any CPU
		{005E3FD7-CF93-4BEB-9836-B145FD9D0C81}.Debug|ARM.Build.0 = Debug|Any CPU
		{005E3FD7-CF93-4BEB-9836-B145FD9D0C81}.Debug|ARM.Deploy.0 = Debug|Any CPU
		{005E3FD7-CF93-4BEB-9836-B145FD9D0C81}.Debug|iPhone.ActiveCfg = Debug|Any CPU
		{005E3FD7-CF93-4BEB-9836-B145FD9D0C81}.Debug|iPhone.Build.0 = Debug|Any CPU
		{005E3FD7-CF93-4BEB-9836-B145FD9D0C81}.Debug|iPhone.Deploy.0 = Debug|Any CPU
		{005E3FD7-CF93-4BEB-9836-B145FD9D0C81}.Debug|iPhoneSimulator.ActiveCfg = Debug|Any CPU
		{005E3FD7-CF93-4BEB-9836-B145FD9D0C81}.Debug|iPhoneSimulator.Build.0 = Debug|Any CPU
		{005E3FD7-CF93-4BEB-9836-B145FD9D0C81}.Debug|iPhoneSimulator.Deploy.0 = Debug|Any CPU
		{005E3FD7-CF93-4BEB-9836-B145FD9D0C81}.Debug|x64.ActiveCfg = Debug|Any CPU
		{005E3FD7-CF93-4BEB-9836-B145FD9D0C81}.Debug|x64.Build.0 = Debug|Any CPU
		{005E3FD7-CF93-4BEB-9836-B145FD9D0C81}.Debug|x64.Deploy.0 = Debug|Any CPU
		{005E3FD7-CF93-4BEB-9836-B145FD9D0C81}.Debug|x86.ActiveCfg = Debug|Any CPU
		{005E3FD7-CF93-4BEB-9836-B145FD9D0C81}.Debug|x86.Build.0 = Debug|Any CPU
		{005E3FD7-CF93-4BEB-9836-B145FD9D0C81}.Debug|x86.Deploy.0 = Debug|Any CPU
		{005E3FD7-CF93-4BEB-9836-B145FD9D0C81}.Release|Any CPU.ActiveCfg = Release|Any CPU
		{005E3FD7-CF93-4BEB-9836-B145FD9D0C81}.Release|Any CPU.Build.0 = Release|Any CPU
		{005E3FD7-CF93-4BEB-9836-B145FD9D0C81}.Release|Any CPU.Deploy.0 = Release|Any CPU
		{005E3FD7-CF93-4BEB-9836-B145FD9D0C81}.Release|ARM.ActiveCfg = Release|Any CPU
		{005E3FD7-CF93-4BEB-9836-B145FD9D0C81}.Release|ARM.Build.0 = Release|Any CPU
		{005E3FD7-CF93-4BEB-9836-B145FD9D0C81}.Release|ARM.Deploy.0 = Release|Any CPU
		{005E3FD7-CF93-4BEB-9836-B145FD9D0C81}.Release|iPhone.ActiveCfg = Release|Any CPU
		{005E3FD7-CF93-4BEB-9836-B145FD9D0C81}.Release|iPhone.Build.0 = Release|Any CPU
		{005E3FD7-CF93-4BEB-9836-B145FD9D0C81}.Release|iPhone.Deploy.0 = Release|Any CPU
		{005E3FD7-CF93-4BEB-9836-B145FD9D0C81}.Release|iPhoneSimulator.ActiveCfg = Release|Any CPU
		{005E3FD7-CF93-4BEB-9836-B145FD9D0C81}.Release|iPhoneSimulator.Build.0 = Release|Any CPU
		{005E3FD7-CF93-4BEB-9836-B145FD9D0C81}.Release|iPhoneSimulator.Deploy.0 = Release|Any CPU
		{005E3FD7-CF93-4BEB-9836-B145FD9D0C81}.Release|x64.ActiveCfg = Release|Any CPU
		{005E3FD7-CF93-4BEB-9836-B145FD9D0C81}.Release|x64.Build.0 = Release|Any CPU
		{005E3FD7-CF93-4BEB-9836-B145FD9D0C81}.Release|x64.Deploy.0 = Release|Any CPU
		{005E3FD7-CF93-4BEB-9836-B145FD9D0C81}.Release|x86.ActiveCfg = Release|Any CPU
		{005E3FD7-CF93-4BEB-9836-B145FD9D0C81}.Release|x86.Build.0 = Release|Any CPU
		{005E3FD7-CF93-4BEB-9836-B145FD9D0C81}.Release|x86.Deploy.0 = Release|Any CPU
		{BD66BE6B-BE47-4137-928C-71E29CE51C65}.Ad-Hoc|Any CPU.ActiveCfg = Ad-Hoc|iPhone
		{BD66BE6B-BE47-4137-928C-71E29CE51C65}.Ad-Hoc|Any CPU.Build.0 = Ad-Hoc|iPhone
		{BD66BE6B-BE47-4137-928C-71E29CE51C65}.Ad-Hoc|Any CPU.Deploy.0 = Ad-Hoc|iPhone
		{BD66BE6B-BE47-4137-928C-71E29CE51C65}.Ad-Hoc|ARM.ActiveCfg = Ad-Hoc|iPhone
		{BD66BE6B-BE47-4137-928C-71E29CE51C65}.Ad-Hoc|ARM.Build.0 = Ad-Hoc|iPhone
		{BD66BE6B-BE47-4137-928C-71E29CE51C65}.Ad-Hoc|ARM.Deploy.0 = Ad-Hoc|iPhone
		{BD66BE6B-BE47-4137-928C-71E29CE51C65}.Ad-Hoc|iPhone.ActiveCfg = Ad-Hoc|iPhone
		{BD66BE6B-BE47-4137-928C-71E29CE51C65}.Ad-Hoc|iPhone.Build.0 = Ad-Hoc|iPhone
		{BD66BE6B-BE47-4137-928C-71E29CE51C65}.Ad-Hoc|iPhone.Deploy.0 = Ad-Hoc|iPhone
		{BD66BE6B-BE47-4137-928C-71E29CE51C65}.Ad-Hoc|iPhoneSimulator.ActiveCfg = Ad-Hoc|iPhoneSimulator
		{BD66BE6B-BE47-4137-928C-71E29CE51C65}.Ad-Hoc|iPhoneSimulator.Build.0 = Ad-Hoc|iPhoneSimulator
		{BD66BE6B-BE47-4137-928C-71E29CE51C65}.Ad-Hoc|iPhoneSimulator.Deploy.0 = Ad-Hoc|iPhoneSimulator
		{BD66BE6B-BE47-4137-928C-71E29CE51C65}.Ad-Hoc|x64.ActiveCfg = Ad-Hoc|iPhone
		{BD66BE6B-BE47-4137-928C-71E29CE51C65}.Ad-Hoc|x64.Build.0 = Ad-Hoc|iPhone
		{BD66BE6B-BE47-4137-928C-71E29CE51C65}.Ad-Hoc|x64.Deploy.0 = Ad-Hoc|iPhone
		{BD66BE6B-BE47-4137-928C-71E29CE51C65}.Ad-Hoc|x86.ActiveCfg = Ad-Hoc|iPhone
		{BD66BE6B-BE47-4137-928C-71E29CE51C65}.Ad-Hoc|x86.Build.0 = Ad-Hoc|iPhone
		{BD66BE6B-BE47-4137-928C-71E29CE51C65}.Ad-Hoc|x86.Deploy.0 = Ad-Hoc|iPhone
		{BD66BE6B-BE47-4137-928C-71E29CE51C65}.AppStore|Any CPU.ActiveCfg = AppStore|iPhone
		{BD66BE6B-BE47-4137-928C-71E29CE51C65}.AppStore|Any CPU.Build.0 = AppStore|iPhone
		{BD66BE6B-BE47-4137-928C-71E29CE51C65}.AppStore|Any CPU.Deploy.0 = AppStore|iPhone
		{BD66BE6B-BE47-4137-928C-71E29CE51C65}.AppStore|ARM.ActiveCfg = AppStore|iPhone
		{BD66BE6B-BE47-4137-928C-71E29CE51C65}.AppStore|ARM.Build.0 = AppStore|iPhone
		{BD66BE6B-BE47-4137-928C-71E29CE51C65}.AppStore|ARM.Deploy.0 = AppStore|iPhone
		{BD66BE6B-BE47-4137-928C-71E29CE51C65}.AppStore|iPhone.ActiveCfg = AppStore|iPhone
		{BD66BE6B-BE47-4137-928C-71E29CE51C65}.AppStore|iPhone.Build.0 = AppStore|iPhone
		{BD66BE6B-BE47-4137-928C-71E29CE51C65}.AppStore|iPhone.Deploy.0 = AppStore|iPhone
		{BD66BE6B-BE47-4137-928C-71E29CE51C65}.AppStore|iPhoneSimulator.ActiveCfg = AppStore|iPhoneSimulator
		{BD66BE6B-BE47-4137-928C-71E29CE51C65}.AppStore|iPhoneSimulator.Build.0 = AppStore|iPhoneSimulator
		{BD66BE6B-BE47-4137-928C-71E29CE51C65}.AppStore|iPhoneSimulator.Deploy.0 = AppStore|iPhoneSimulator
		{BD66BE6B-BE47-4137-928C-71E29CE51C65}.AppStore|x64.ActiveCfg = AppStore|iPhone
		{BD66BE6B-BE47-4137-928C-71E29CE51C65}.AppStore|x64.Build.0 = AppStore|iPhone
		{BD66BE6B-BE47-4137-928C-71E29CE51C65}.AppStore|x64.Deploy.0 = AppStore|iPhone
		{BD66BE6B-BE47-4137-928C-71E29CE51C65}.AppStore|x86.ActiveCfg = AppStore|iPhone
		{BD66BE6B-BE47-4137-928C-71E29CE51C65}.AppStore|x86.Build.0 = AppStore|iPhone
		{BD66BE6B-BE47-4137-928C-71E29CE51C65}.AppStore|x86.Deploy.0 = AppStore|iPhone
		{BD66BE6B-BE47-4137-928C-71E29CE51C65}.Debug|Any CPU.ActiveCfg = Debug|iPhoneSimulator
		{BD66BE6B-BE47-4137-928C-71E29CE51C65}.Debug|Any CPU.Build.0 = Debug|iPhoneSimulator
		{BD66BE6B-BE47-4137-928C-71E29CE51C65}.Debug|Any CPU.Deploy.0 = Debug|iPhoneSimulator
		{BD66BE6B-BE47-4137-928C-71E29CE51C65}.Debug|ARM.ActiveCfg = Debug|iPhone
		{BD66BE6B-BE47-4137-928C-71E29CE51C65}.Debug|ARM.Build.0 = Debug|iPhone
		{BD66BE6B-BE47-4137-928C-71E29CE51C65}.Debug|ARM.Deploy.0 = Debug|iPhone
		{BD66BE6B-BE47-4137-928C-71E29CE51C65}.Debug|iPhone.ActiveCfg = Debug|iPhone
		{BD66BE6B-BE47-4137-928C-71E29CE51C65}.Debug|iPhone.Build.0 = Debug|iPhone
		{BD66BE6B-BE47-4137-928C-71E29CE51C65}.Debug|iPhone.Deploy.0 = Debug|iPhone
		{BD66BE6B-BE47-4137-928C-71E29CE51C65}.Debug|iPhoneSimulator.ActiveCfg = Debug|iPhoneSimulator
		{BD66BE6B-BE47-4137-928C-71E29CE51C65}.Debug|iPhoneSimulator.Build.0 = Debug|iPhoneSimulator
		{BD66BE6B-BE47-4137-928C-71E29CE51C65}.Debug|iPhoneSimulator.Deploy.0 = Debug|iPhoneSimulator
		{BD66BE6B-BE47-4137-928C-71E29CE51C65}.Debug|x64.ActiveCfg = Debug|iPhone
		{BD66BE6B-BE47-4137-928C-71E29CE51C65}.Debug|x64.Build.0 = Debug|iPhone
		{BD66BE6B-BE47-4137-928C-71E29CE51C65}.Debug|x64.Deploy.0 = Debug|iPhone
		{BD66BE6B-BE47-4137-928C-71E29CE51C65}.Debug|x86.ActiveCfg = Debug|iPhone
		{BD66BE6B-BE47-4137-928C-71E29CE51C65}.Debug|x86.Build.0 = Debug|iPhone
		{BD66BE6B-BE47-4137-928C-71E29CE51C65}.Debug|x86.Deploy.0 = Debug|iPhone
		{BD66BE6B-BE47-4137-928C-71E29CE51C65}.Release|Any CPU.ActiveCfg = Release|iPhone
		{BD66BE6B-BE47-4137-928C-71E29CE51C65}.Release|Any CPU.Build.0 = Release|iPhone
		{BD66BE6B-BE47-4137-928C-71E29CE51C65}.Release|Any CPU.Deploy.0 = Release|iPhone
		{BD66BE6B-BE47-4137-928C-71E29CE51C65}.Release|ARM.ActiveCfg = Release|iPhone
		{BD66BE6B-BE47-4137-928C-71E29CE51C65}.Release|ARM.Build.0 = Release|iPhone
		{BD66BE6B-BE47-4137-928C-71E29CE51C65}.Release|ARM.Deploy.0 = Release|iPhone
		{BD66BE6B-BE47-4137-928C-71E29CE51C65}.Release|iPhone.ActiveCfg = Release|iPhone
		{BD66BE6B-BE47-4137-928C-71E29CE51C65}.Release|iPhone.Build.0 = Release|iPhone
		{BD66BE6B-BE47-4137-928C-71E29CE51C65}.Release|iPhone.Deploy.0 = Release|iPhone
		{BD66BE6B-BE47-4137-928C-71E29CE51C65}.Release|iPhoneSimulator.ActiveCfg = Release|iPhoneSimulator
		{BD66BE6B-BE47-4137-928C-71E29CE51C65}.Release|iPhoneSimulator.Build.0 = Release|iPhoneSimulator
		{BD66BE6B-BE47-4137-928C-71E29CE51C65}.Release|iPhoneSimulator.Deploy.0 = Release|iPhoneSimulator
		{BD66BE6B-BE47-4137-928C-71E29CE51C65}.Release|x64.ActiveCfg = Release|iPhone
		{BD66BE6B-BE47-4137-928C-71E29CE51C65}.Release|x64.Build.0 = Release|iPhone
		{BD66BE6B-BE47-4137-928C-71E29CE51C65}.Release|x64.Deploy.0 = Release|iPhone
		{BD66BE6B-BE47-4137-928C-71E29CE51C65}.Release|x86.ActiveCfg = Release|iPhone
		{BD66BE6B-BE47-4137-928C-71E29CE51C65}.Release|x86.Build.0 = Release|iPhone
		{BD66BE6B-BE47-4137-928C-71E29CE51C65}.Release|x86.Deploy.0 = Release|iPhone
		{4CEBA25D-4C53-4C28-A76A-72E1A048BC74}.Ad-Hoc|Any CPU.ActiveCfg = Release|x86
		{4CEBA25D-4C53-4C28-A76A-72E1A048BC74}.Ad-Hoc|Any CPU.Build.0 = Release|x86
		{4CEBA25D-4C53-4C28-A76A-72E1A048BC74}.Ad-Hoc|Any CPU.Deploy.0 = Release|x86
		{4CEBA25D-4C53-4C28-A76A-72E1A048BC74}.Ad-Hoc|ARM.ActiveCfg = Release|ARM
		{4CEBA25D-4C53-4C28-A76A-72E1A048BC74}.Ad-Hoc|ARM.Build.0 = Release|ARM
		{4CEBA25D-4C53-4C28-A76A-72E1A048BC74}.Ad-Hoc|ARM.Deploy.0 = Release|ARM
		{4CEBA25D-4C53-4C28-A76A-72E1A048BC74}.Ad-Hoc|iPhone.ActiveCfg = Release|x86
		{4CEBA25D-4C53-4C28-A76A-72E1A048BC74}.Ad-Hoc|iPhone.Build.0 = Release|x86
		{4CEBA25D-4C53-4C28-A76A-72E1A048BC74}.Ad-Hoc|iPhone.Deploy.0 = Release|x86
		{4CEBA25D-4C53-4C28-A76A-72E1A048BC74}.Ad-Hoc|iPhoneSimulator.ActiveCfg = Release|x86
		{4CEBA25D-4C53-4C28-A76A-72E1A048BC74}.Ad-Hoc|iPhoneSimulator.Build.0 = Release|x86
		{4CEBA25D-4C53-4C28-A76A-72E1A048BC74}.Ad-Hoc|iPhoneSimulator.Deploy.0 = Release|x86
		{4CEBA25D-4C53-4C28-A76A-72E1A048BC74}.Ad-Hoc|x64.ActiveCfg = Release|x64
		{4CEBA25D-4C53-4C28-A76A-72E1A048BC74}.Ad-Hoc|x64.Build.0 = Release|x64
		{4CEBA25D-4C53-4C28-A76A-72E1A048BC74}.Ad-Hoc|x64.Deploy.0 = Release|x64
		{4CEBA25D-4C53-4C28-A76A-72E1A048BC74}.Ad-Hoc|x86.ActiveCfg = Release|x86
		{4CEBA25D-4C53-4C28-A76A-72E1A048BC74}.Ad-Hoc|x86.Build.0 = Release|x86
		{4CEBA25D-4C53-4C28-A76A-72E1A048BC74}.Ad-Hoc|x86.Deploy.0 = Release|x86
		{4CEBA25D-4C53-4C28-A76A-72E1A048BC74}.AppStore|Any CPU.ActiveCfg = Release|x86
		{4CEBA25D-4C53-4C28-A76A-72E1A048BC74}.AppStore|Any CPU.Build.0 = Release|x86
		{4CEBA25D-4C53-4C28-A76A-72E1A048BC74}.AppStore|Any CPU.Deploy.0 = Release|x86
		{4CEBA25D-4C53-4C28-A76A-72E1A048BC74}.AppStore|ARM.ActiveCfg = Release|ARM
		{4CEBA25D-4C53-4C28-A76A-72E1A048BC74}.AppStore|ARM.Build.0 = Release|ARM
		{4CEBA25D-4C53-4C28-A76A-72E1A048BC74}.AppStore|ARM.Deploy.0 = Release|ARM
		{4CEBA25D-4C53-4C28-A76A-72E1A048BC74}.AppStore|iPhone.ActiveCfg = Release|x86
		{4CEBA25D-4C53-4C28-A76A-72E1A048BC74}.AppStore|iPhone.Build.0 = Release|x86
		{4CEBA25D-4C53-4C28-A76A-72E1A048BC74}.AppStore|iPhone.Deploy.0 = Release|x86
		{4CEBA25D-4C53-4C28-A76A-72E1A048BC74}.AppStore|iPhoneSimulator.ActiveCfg = Release|x86
		{4CEBA25D-4C53-4C28-A76A-72E1A048BC74}.AppStore|iPhoneSimulator.Build.0 = Release|x86
		{4CEBA25D-4C53-4C28-A76A-72E1A048BC74}.AppStore|iPhoneSimulator.Deploy.0 = Release|x86
		{4CEBA25D-4C53-4C28-A76A-72E1A048BC74}.AppStore|x64.ActiveCfg = Release|x64
		{4CEBA25D-4C53-4C28-A76A-72E1A048BC74}.AppStore|x64.Build.0 = Release|x64
		{4CEBA25D-4C53-4C28-A76A-72E1A048BC74}.AppStore|x64.Deploy.0 = Release|x64
		{4CEBA25D-4C53-4C28-A76A-72E1A048BC74}.AppStore|x86.ActiveCfg = Release|x86
		{4CEBA25D-4C53-4C28-A76A-72E1A048BC74}.AppStore|x86.Build.0 = Release|x86
		{4CEBA25D-4C53-4C28-A76A-72E1A048BC74}.AppStore|x86.Deploy.0 = Release|x86
		{4CEBA25D-4C53-4C28-A76A-72E1A048BC74}.Debug|Any CPU.ActiveCfg = Debug|x86
		{4CEBA25D-4C53-4C28-A76A-72E1A048BC74}.Debug|Any CPU.Build.0 = Debug|x86
		{4CEBA25D-4C53-4C28-A76A-72E1A048BC74}.Debug|Any CPU.Deploy.0 = Debug|x86
		{4CEBA25D-4C53-4C28-A76A-72E1A048BC74}.Debug|ARM.ActiveCfg = Debug|ARM
		{4CEBA25D-4C53-4C28-A76A-72E1A048BC74}.Debug|ARM.Build.0 = Debug|ARM
		{4CEBA25D-4C53-4C28-A76A-72E1A048BC74}.Debug|ARM.Deploy.0 = Debug|ARM
		{4CEBA25D-4C53-4C28-A76A-72E1A048BC74}.Debug|iPhone.ActiveCfg = Debug|x86
		{4CEBA25D-4C53-4C28-A76A-72E1A048BC74}.Debug|iPhone.Build.0 = Debug|x86
		{4CEBA25D-4C53-4C28-A76A-72E1A048BC74}.Debug|iPhone.Deploy.0 = Debug|x86
		{4CEBA25D-4C53-4C28-A76A-72E1A048BC74}.Debug|iPhoneSimulator.ActiveCfg = Debug|x86
		{4CEBA25D-4C53-4C28-A76A-72E1A048BC74}.Debug|iPhoneSimulator.Build.0 = Debug|x86
		{4CEBA25D-4C53-4C28-A76A-72E1A048BC74}.Debug|iPhoneSimulator.Deploy.0 = Debug|x86
		{4CEBA25D-4C53-4C28-A76A-72E1A048BC74}.Debug|x64.ActiveCfg = Debug|x64
		{4CEBA25D-4C53-4C28-A76A-72E1A048BC74}.Debug|x64.Build.0 = Debug|x64
		{4CEBA25D-4C53-4C28-A76A-72E1A048BC74}.Debug|x64.Deploy.0 = Debug|x64
		{4CEBA25D-4C53-4C28-A76A-72E1A048BC74}.Debug|x86.ActiveCfg = Debug|x86
		{4CEBA25D-4C53-4C28-A76A-72E1A048BC74}.Debug|x86.Build.0 = Debug|x86
		{4CEBA25D-4C53-4C28-A76A-72E1A048BC74}.Debug|x86.Deploy.0 = Debug|x86
		{4CEBA25D-4C53-4C28-A76A-72E1A048BC74}.Release|Any CPU.ActiveCfg = Release|x86
		{4CEBA25D-4C53-4C28-A76A-72E1A048BC74}.Release|Any CPU.Build.0 = Release|x86
		{4CEBA25D-4C53-4C28-A76A-72E1A048BC74}.Release|Any CPU.Deploy.0 = Release|x86
		{4CEBA25D-4C53-4C28-A76A-72E1A048BC74}.Release|ARM.ActiveCfg = Release|ARM
		{4CEBA25D-4C53-4C28-A76A-72E1A048BC74}.Release|ARM.Build.0 = Release|ARM
		{4CEBA25D-4C53-4C28-A76A-72E1A048BC74}.Release|ARM.Deploy.0 = Release|ARM
		{4CEBA25D-4C53-4C28-A76A-72E1A048BC74}.Release|iPhone.ActiveCfg = Release|x86
		{4CEBA25D-4C53-4C28-A76A-72E1A048BC74}.Release|iPhone.Build.0 = Release|x86
		{4CEBA25D-4C53-4C28-A76A-72E1A048BC74}.Release|iPhone.Deploy.0 = Release|x86
		{4CEBA25D-4C53-4C28-A76A-72E1A048BC74}.Release|iPhoneSimulator.ActiveCfg = Release|x86
		{4CEBA25D-4C53-4C28-A76A-72E1A048BC74}.Release|iPhoneSimulator.Build.0 = Release|x86
		{4CEBA25D-4C53-4C28-A76A-72E1A048BC74}.Release|iPhoneSimulator.Deploy.0 = Release|x86
		{4CEBA25D-4C53-4C28-A76A-72E1A048BC74}.Release|x64.ActiveCfg = Release|x64
		{4CEBA25D-4C53-4C28-A76A-72E1A048BC74}.Release|x64.Build.0 = Release|x64
		{4CEBA25D-4C53-4C28-A76A-72E1A048BC74}.Release|x64.Deploy.0 = Release|x64
		{4CEBA25D-4C53-4C28-A76A-72E1A048BC74}.Release|x86.ActiveCfg = Release|x86
		{4CEBA25D-4C53-4C28-A76A-72E1A048BC74}.Release|x86.Build.0 = Release|x86
		{4CEBA25D-4C53-4C28-A76A-72E1A048BC74}.Release|x86.Deploy.0 = Release|x86
		{95B14F2F-E464-49A3-AEF1-F4F4623D5969}.Ad-Hoc|Any CPU.ActiveCfg = Debug|Any CPU
		{95B14F2F-E464-49A3-AEF1-F4F4623D5969}.Ad-Hoc|Any CPU.Build.0 = Debug|Any CPU
		{95B14F2F-E464-49A3-AEF1-F4F4623D5969}.Ad-Hoc|Any CPU.Deploy.0 = Debug|Any CPU
		{95B14F2F-E464-49A3-AEF1-F4F4623D5969}.Ad-Hoc|ARM.ActiveCfg = Debug|Any CPU
		{95B14F2F-E464-49A3-AEF1-F4F4623D5969}.Ad-Hoc|ARM.Build.0 = Debug|Any CPU
		{95B14F2F-E464-49A3-AEF1-F4F4623D5969}.Ad-Hoc|ARM.Deploy.0 = Debug|Any CPU
		{95B14F2F-E464-49A3-AEF1-F4F4623D5969}.Ad-Hoc|iPhone.ActiveCfg = Debug|Any CPU
		{95B14F2F-E464-49A3-AEF1-F4F4623D5969}.Ad-Hoc|iPhone.Build.0 = Debug|Any CPU
		{95B14F2F-E464-49A3-AEF1-F4F4623D5969}.Ad-Hoc|iPhone.Deploy.0 = Debug|Any CPU
		{95B14F2F-E464-49A3-AEF1-F4F4623D5969}.Ad-Hoc|iPhoneSimulator.ActiveCfg = Debug|Any CPU
		{95B14F2F-E464-49A3-AEF1-F4F4623D5969}.Ad-Hoc|iPhoneSimulator.Build.0 = Debug|Any CPU
		{95B14F2F-E464-49A3-AEF1-F4F4623D5969}.Ad-Hoc|iPhoneSimulator.Deploy.0 = Debug|Any CPU
		{95B14F2F-E464-49A3-AEF1-F4F4623D5969}.Ad-Hoc|x64.ActiveCfg = Debug|Any CPU
		{95B14F2F-E464-49A3-AEF1-F4F4623D5969}.Ad-Hoc|x64.Build.0 = Debug|Any CPU
		{95B14F2F-E464-49A3-AEF1-F4F4623D5969}.Ad-Hoc|x64.Deploy.0 = Debug|Any CPU
		{95B14F2F-E464-49A3-AEF1-F4F4623D5969}.Ad-Hoc|x86.ActiveCfg = Debug|Any CPU
		{95B14F2F-E464-49A3-AEF1-F4F4623D5969}.Ad-Hoc|x86.Build.0 = Debug|Any CPU
		{95B14F2F-E464-49A3-AEF1-F4F4623D5969}.Ad-Hoc|x86.Deploy.0 = Debug|Any CPU
		{95B14F2F-E464-49A3-AEF1-F4F4623D5969}.AppStore|Any CPU.ActiveCfg = Debug|Any CPU
		{95B14F2F-E464-49A3-AEF1-F4F4623D5969}.AppStore|Any CPU.Build.0 = Debug|Any CPU
		{95B14F2F-E464-49A3-AEF1-F4F4623D5969}.AppStore|Any CPU.Deploy.0 = Debug|Any CPU
		{95B14F2F-E464-49A3-AEF1-F4F4623D5969}.AppStore|ARM.ActiveCfg = Debug|Any CPU
		{95B14F2F-E464-49A3-AEF1-F4F4623D5969}.AppStore|ARM.Build.0 = Debug|Any CPU
		{95B14F2F-E464-49A3-AEF1-F4F4623D5969}.AppStore|ARM.Deploy.0 = Debug|Any CPU
		{95B14F2F-E464-49A3-AEF1-F4F4623D5969}.AppStore|iPhone.ActiveCfg = Debug|Any CPU
		{95B14F2F-E464-49A3-AEF1-F4F4623D5969}.AppStore|iPhone.Build.0 = Debug|Any CPU
		{95B14F2F-E464-49A3-AEF1-F4F4623D5969}.AppStore|iPhone.Deploy.0 = Debug|Any CPU
		{95B14F2F-E464-49A3-AEF1-F4F4623D5969}.AppStore|iPhoneSimulator.ActiveCfg = Debug|Any CPU
		{95B14F2F-E464-49A3-AEF1-F4F4623D5969}.AppStore|iPhoneSimulator.Build.0 = Debug|Any CPU
		{95B14F2F-E464-49A3-AEF1-F4F4623D5969}.AppStore|iPhoneSimulator.Deploy.0 = Debug|Any CPU
		{95B14F2F-E464-49A3-AEF1-F4F4623D5969}.AppStore|x64.ActiveCfg = Debug|Any CPU
		{95B14F2F-E464-49A3-AEF1-F4F4623D5969}.AppStore|x64.Build.0 = Debug|Any CPU
		{95B14F2F-E464-49A3-AEF1-F4F4623D5969}.AppStore|x64.Deploy.0 = Debug|Any CPU
		{95B14F2F-E464-49A3-AEF1-F4F4623D5969}.AppStore|x86.ActiveCfg = Debug|Any CPU
		{95B14F2F-E464-49A3-AEF1-F4F4623D5969}.AppStore|x86.Build.0 = Debug|Any CPU
		{95B14F2F-E464-49A3-AEF1-F4F4623D5969}.AppStore|x86.Deploy.0 = Debug|Any CPU
		{95B14F2F-E464-49A3-AEF1-F4F4623D5969}.Debug|Any CPU.ActiveCfg = Debug|Any CPU
		{95B14F2F-E464-49A3-AEF1-F4F4623D5969}.Debug|Any CPU.Build.0 = Debug|Any CPU
		{95B14F2F-E464-49A3-AEF1-F4F4623D5969}.Debug|Any CPU.Deploy.0 = Debug|Any CPU
		{95B14F2F-E464-49A3-AEF1-F4F4623D5969}.Debug|ARM.ActiveCfg = Debug|Any CPU
		{95B14F2F-E464-49A3-AEF1-F4F4623D5969}.Debug|ARM.Build.0 = Debug|Any CPU
		{95B14F2F-E464-49A3-AEF1-F4F4623D5969}.Debug|ARM.Deploy.0 = Debug|Any CPU
		{95B14F2F-E464-49A3-AEF1-F4F4623D5969}.Debug|iPhone.ActiveCfg = Debug|Any CPU
		{95B14F2F-E464-49A3-AEF1-F4F4623D5969}.Debug|iPhone.Build.0 = Debug|Any CPU
		{95B14F2F-E464-49A3-AEF1-F4F4623D5969}.Debug|iPhone.Deploy.0 = Debug|Any CPU
		{95B14F2F-E464-49A3-AEF1-F4F4623D5969}.Debug|iPhoneSimulator.ActiveCfg = Debug|Any CPU
		{95B14F2F-E464-49A3-AEF1-F4F4623D5969}.Debug|iPhoneSimulator.Build.0 = Debug|Any CPU
		{95B14F2F-E464-49A3-AEF1-F4F4623D5969}.Debug|iPhoneSimulator.Deploy.0 = Debug|Any CPU
		{95B14F2F-E464-49A3-AEF1-F4F4623D5969}.Debug|x64.ActiveCfg = Debug|Any CPU
		{95B14F2F-E464-49A3-AEF1-F4F4623D5969}.Debug|x64.Build.0 = Debug|Any CPU
		{95B14F2F-E464-49A3-AEF1-F4F4623D5969}.Debug|x64.Deploy.0 = Debug|Any CPU
		{95B14F2F-E464-49A3-AEF1-F4F4623D5969}.Debug|x86.ActiveCfg = Debug|Any CPU
		{95B14F2F-E464-49A3-AEF1-F4F4623D5969}.Debug|x86.Build.0 = Debug|Any CPU
		{95B14F2F-E464-49A3-AEF1-F4F4623D5969}.Debug|x86.Deploy.0 = Debug|Any CPU
		{95B14F2F-E464-49A3-AEF1-F4F4623D5969}.Release|Any CPU.ActiveCfg = Release|Any CPU
		{95B14F2F-E464-49A3-AEF1-F4F4623D5969}.Release|Any CPU.Build.0 = Release|Any CPU
		{95B14F2F-E464-49A3-AEF1-F4F4623D5969}.Release|Any CPU.Deploy.0 = Release|Any CPU
		{95B14F2F-E464-49A3-AEF1-F4F4623D5969}.Release|ARM.ActiveCfg = Release|Any CPU
		{95B14F2F-E464-49A3-AEF1-F4F4623D5969}.Release|ARM.Build.0 = Release|Any CPU
		{95B14F2F-E464-49A3-AEF1-F4F4623D5969}.Release|ARM.Deploy.0 = Release|Any CPU
		{95B14F2F-E464-49A3-AEF1-F4F4623D5969}.Release|iPhone.ActiveCfg = Release|Any CPU
		{95B14F2F-E464-49A3-AEF1-F4F4623D5969}.Release|iPhone.Build.0 = Release|Any CPU
		{95B14F2F-E464-49A3-AEF1-F4F4623D5969}.Release|iPhone.Deploy.0 = Release|Any CPU
		{95B14F2F-E464-49A3-AEF1-F4F4623D5969}.Release|iPhoneSimulator.ActiveCfg = Release|Any CPU
		{95B14F2F-E464-49A3-AEF1-F4F4623D5969}.Release|iPhoneSimulator.Build.0 = Release|Any CPU
		{95B14F2F-E464-49A3-AEF1-F4F4623D5969}.Release|iPhoneSimulator.Deploy.0 = Release|Any CPU
		{95B14F2F-E464-49A3-AEF1-F4F4623D5969}.Release|x64.ActiveCfg = Release|Any CPU
		{95B14F2F-E464-49A3-AEF1-F4F4623D5969}.Release|x64.Build.0 = Release|Any CPU
		{95B14F2F-E464-49A3-AEF1-F4F4623D5969}.Release|x64.Deploy.0 = Release|Any CPU
		{95B14F2F-E464-49A3-AEF1-F4F4623D5969}.Release|x86.ActiveCfg = Release|Any CPU
		{95B14F2F-E464-49A3-AEF1-F4F4623D5969}.Release|x86.Build.0 = Release|Any CPU
		{95B14F2F-E464-49A3-AEF1-F4F4623D5969}.Release|x86.Deploy.0 = Release|Any CPU
	EndGlobalSection
	GlobalSection(SolutionProperties) = preSolution
		HideSolutionNode = FALSE
	EndGlobalSection
	GlobalSection(ExtensibilityGlobals) = postSolution
		SolutionGuid = {9D39DB13-ABDD-49D1-B4FF-C636DB6068C6}
	EndGlobalSection
EndGlobal
